
Microsoft Visual Studio Solution File, Format Version 12.00
# Visual Studio Version 17
VisualStudioVersion = 17.3.32811.315
MinimumVisualStudioVersion = 10.0.40219.1
Project("{FAE04EC0-301F-11D3-BF4B-00C04F79EFBC}") = "RetroImage", "RetroImage\RetroImage.csproj", "{D3FAF16D-3B46-40D8-A2C0-AB38C55CF02F}"
EndProject
Global
	GlobalSection(SolutionConfigurationPlatforms) = preSolution
		Debug|Any CPU = Debug|Any CPU
		Release|Any CPU = Release|Any CPU
	EndGlobalSection
	GlobalSection(ProjectConfigurationPlatforms) = postSolution
		{D3FAF16D-3B46-40D8-A2C0-AB38C55CF02F}.Debug|Any CPU.ActiveCfg = Debug|Any CPU
		{D3FAF16D-3B46-40D8-A2C0-AB38C55CF02F}.Debug|Any CPU.Build.0 = Debug|Any CPU
		{D3FAF16D-3B46-40D8-A2C0-AB38C55CF02F}.Release|Any CPU.ActiveCfg = Release|Any CPU
		{D3FAF16D-3B46-40D8-A2C0-AB38C55CF02F}.Release|Any CPU.Build.0 = Release|Any CPU
	EndGlobalSection
	GlobalSection(SolutionProperties) = preSolution
		HideSolutionNode = FALSE
	EndGlobalSection
	GlobalSection(ExtensibilityGlobals) = postSolution
		SolutionGuid = {E3F962A5-CD99-4E21-864D-2951DFFFFA80}
	EndGlobalSection
EndGlobal
